
Microsoft Visual Studio Solution File, Format Version 12.00
# Visual Studio Version 16
VisualStudioVersion = 16.0.29509.3
MinimumVisualStudioVersion = 10.0.40219.1
Project("{FAE04EC0-301F-11D3-BF4B-00C04F79EFBC}") = "EmployeeCF", "EmployeeCF.csproj", "{7977D26F-FFB5-4B4C-96B9-5AF4DD65F02C}"
EndProject
Global
	GlobalSection(SolutionConfigurationPlatforms) = preSolution
		Debug|Any CPU = Debug|Any CPU
		Release|Any CPU = Release|Any CPU
	EndGlobalSection
	GlobalSection(ProjectConfigurationPlatforms) = postSolution
		{7977D26F-FFB5-4B4C-96B9-5AF4DD65F02C}.Debug|Any CPU.ActiveCfg = Debug|Any CPU
		{7977D26F-FFB5-4B4C-96B9-5AF4DD65F02C}.Debug|Any CPU.Build.0 = Debug|Any CPU
		{7977D26F-FFB5-4B4C-96B9-5AF4DD65F02C}.Release|Any CPU.ActiveCfg = Release|Any CPU
		{7977D26F-FFB5-4B4C-96B9-5AF4DD65F02C}.Release|Any CPU.Build.0 = Release|Any CPU
	EndGlobalSection
	GlobalSection(SolutionProperties) = preSolution
		HideSolutionNode = FALSE
	EndGlobalSection
	GlobalSection(ExtensibilityGlobals) = postSolution
		SolutionGuid = {B0DD716F-FA4D-4BAC-8C00-20EB65E83F16}
	EndGlobalSection
EndGlobal
